
Microsoft Visual Studio Solution File, Format Version 12.00
# Visual Studio Version 16
VisualStudioVersion = 16.0.31229.75
MinimumVisualStudioVersion = 10.0.40219.1
Project("{9A19103F-16F7-4668-BE54-9A1E7A4F7556}") = "BAI_1.1_LamQuenCsharp", "BAI_1.1_LamQuenCsharp\BAI_1.1_LamQuenCsharp.csproj", "{CE1DE7CD-7DDC-483B-9BEC-49E5706F244C}"
EndProject
Project("{9A19103F-16F7-4668-BE54-9A1E7A4F7556}") = "Bai_1.2_BienLaGi", "Bai_1.2_BienLaGi\Bai_1.2_BienLaGi.csproj", "{0A765DD1-7F8D-4AF8-8378-A2E6B571FBA2}"
EndProject
Project("{9A19103F-16F7-4668-BE54-9A1E7A4F7556}") = "Bai_1.3_NhapXuatTuBanPhim", "Bai_1.3_NhapXuatTuBanPhim\Bai_1.3_NhapXuatTuBanPhim.csproj", "{C5DFEE33-3524-46A9-80B3-1C5946A22D0A}"
EndProject
Project("{9A19103F-16F7-4668-BE54-9A1E7A4F7556}") = "Bai_1.4_EpKieu", "Bai_1.4_EpKieu\Bai_1.4_EpKieu.csproj", "{BEF1DA27-FD6C-4E0B-ACF2-C5391323F9DD}"
EndProject
Project("{9A19103F-16F7-4668-BE54-9A1E7A4F7556}") = "Bai_1.5_ToanTu", "Bai_1.5_ToanTu\Bai_1.5_ToanTu.csproj", "{C477F2CF-4C70-49A5-836A-72BD4EC6B8B9}"
EndProject
Project("{9A19103F-16F7-4668-BE54-9A1E7A4F7556}") = "Bai_1.6_CauLenh_IF", "Bai_1.6_CauLenh_IF\Bai_1.6_CauLenh_IF.csproj", "{769F051B-F1D3-455C-8C29-C968F950A2F6}"
EndProject
Project("{9A19103F-16F7-4668-BE54-9A1E7A4F7556}") = "Bai_1.7_CauLenh_Else", "Bai_1.7_CauLenh_Else\Bai_1.7_CauLenh_Else.csproj", "{E6324070-6397-4B84-B1B4-639E894D86B3}"
EndProject
Project("{9A19103F-16F7-4668-BE54-9A1E7A4F7556}") = "Bai_1.8_CauLenh_Else_If", "Bai_1.8_CauLenh_Else_If\Bai_1.8_CauLenh_Else_If.csproj", "{44A287E9-65CD-40D0-BC4E-42D4FB40B27B}"
EndProject
Project("{9A19103F-16F7-4668-BE54-9A1E7A4F7556}") = "Bai_1.9_ToanTuBaNgoi", "Bai_1.9_ToanTuBaNgoi\Bai_1.9_ToanTuBaNgoi.csproj", "{DB3C00A4-DDB1-4842-ACDF-41821B8B6E75}"
EndProject
Project("{9A19103F-16F7-4668-BE54-9A1E7A4F7556}") = "Bai_2.0_CauLenh_Switch_Case", "Bai_2.0_CauLenh_Switch_Case\Bai_2.0_CauLenh_Switch_Case.csproj", "{2655F236-E379-4F66-B5C1-BFDEC57872B3}"
EndProject
Project("{9A19103F-16F7-4668-BE54-9A1E7A4F7556}") = "Bai_2.1_BAI_TAP_TONG_HOP", "Bai_2.1_BAI_TAP_TONG_HOP\Bai_2.1_BAI_TAP_TONG_HOP.csproj", "{4A96B792-C1A6-4473-913E-2F972ABAD07B}"
EndProject
Project("{9A19103F-16F7-4668-BE54-9A1E7A4F7556}") = "Bai_2.2_VongLap_For_While_Do_While", "Bai_2.2_VongLap_For_While_Do_While\Bai_2.2_VongLap_For_While_Do_While.csproj", "{1A0F4C3F-1DC2-4186-A533-F520319D3FC2}"
EndProject
Project("{9A19103F-16F7-4668-BE54-9A1E7A4F7556}") = "Bai_2.3_ViTongHopVongLap", "Bai_2.3_ViTongHopVongLap\Bai_2.3_ViTongHopVongLap.csproj", "{C042C757-6513-4318-A721-ECA396216D00}"
EndProject
Project("{9A19103F-16F7-4668-BE54-9A1E7A4F7556}") = "Bai_2.4_VongLapFoeach", "Bai_2.4_VongLapFoeach\Bai_2.4_VongLapFoeach.csproj", "{ADFDB67E-E495-424E-9C37-CD151979C07E}"
EndProject
Project("{9A19103F-16F7-4668-BE54-9A1E7A4F7556}") = "Bai_2.5_Array", "Bai_2.5_Array\Bai_2.5_Array.csproj", "{9D3C148A-46B3-474B-9065-D5B221D91867}"
EndProject
Project("{9A19103F-16F7-4668-BE54-9A1E7A4F7556}") = "Bai_2.6_BaiTapArray", "Bai_2.5_BaiTapArray\Bai_2.6_BaiTapArray.csproj", "{54681E89-C945-46E0-BD77-8CB9FD64B7FC}"
EndProject
Project("{9A19103F-16F7-4668-BE54-9A1E7A4F7556}") = "Bai_2.7_ThuatToanNoiBot", "Bai_2.7_ThuatToanNoiBot\Bai_2.7_ThuatToanNoiBot.csproj", "{4D1E92E9-9DE3-4919-A511-15D7DFC23387}"
EndProject
Project("{9A19103F-16F7-4668-BE54-9A1E7A4F7556}") = "Bai_2.8_ArrayList", "Bai_2.8_ArrayList\Bai_2.8_ArrayList.csproj", "{A2AA588E-9C9E-461A-ADBD-F3FFA454932F}"
EndProject
Project("{9A19103F-16F7-4668-BE54-9A1E7A4F7556}") = "Bai_2_9_List", "Bai_2_9_List\Bai_2_9_List.csproj", "{AA801019-040F-4814-8177-9BE362378FF0}"
EndProject
Project("{9A19103F-16F7-4668-BE54-9A1E7A4F7556}") = "BAI_3_0_ChuaBaiTapLab45", "BAI_3_0_ChuaBaiTapLab45\BAI_3_0_ChuaBaiTapLab45.csproj", "{C370F3B5-BA3F-4412-BF05-36B52B812E2C}"
EndProject
Project("{9A19103F-16F7-4668-BE54-9A1E7A4F7556}") = "Bai_3_1_OOP_LapTrinhHuongDoiTuong", "Bai_3_1_OOP_LapTrinhHuongDoiTuong\Bai_3_1_OOP_LapTrinhHuongDoiTuong.csproj", "{A9E31228-4F8D-49A9-BC1D-E567163355E7}"
EndProject
Project("{9A19103F-16F7-4668-BE54-9A1E7A4F7556}") = "BAI_TAP_CRUD_LIST", "BAI_TAP_CRUD_LIST\BAI_TAP_CRUD_LIST.csproj", "{00BC0806-8ED3-4AE1-A6AC-1681F7C6E315}"
EndProject
Project("{FAE04EC0-301F-11D3-BF4B-00C04F79EFBC}") = "Bai_3_2_OOP_TinhKeThua", "Bai_3_2_OOP_TinhKeThua\Bai_3_2_OOP_TinhKeThua.csproj", "{0BF02759-8B93-42BB-920E-B487CAD2FE09}"
EndProject
Global
	GlobalSection(SolutionConfigurationPlatforms) = preSolution
		Debug|Any CPU = Debug|Any CPU
		Release|Any CPU = Release|Any CPU
	EndGlobalSection
	GlobalSection(ProjectConfigurationPlatforms) = postSolution
		{CE1DE7CD-7DDC-483B-9BEC-49E5706F244C}.Debug|Any CPU.ActiveCfg = Debug|Any CPU
		{CE1DE7CD-7DDC-483B-9BEC-49E5706F244C}.Debug|Any CPU.Build.0 = Debug|Any CPU
		{CE1DE7CD-7DDC-483B-9BEC-49E5706F244C}.Release|Any CPU.ActiveCfg = Release|Any CPU
		{CE1DE7CD-7DDC-483B-9BEC-49E5706F244C}.Release|Any CPU.Build.0 = Release|Any CPU
		{0A765DD1-7F8D-4AF8-8378-A2E6B571FBA2}.Debug|Any CPU.ActiveCfg = Debug|Any CPU
		{0A765DD1-7F8D-4AF8-8378-A2E6B571FBA2}.Debug|Any CPU.Build.0 = Debug|Any CPU
		{0A765DD1-7F8D-4AF8-8378-A2E6B571FBA2}.Release|Any CPU.ActiveCfg = Release|Any CPU
		{0A765DD1-7F8D-4AF8-8378-A2E6B571FBA2}.Release|Any CPU.Build.0 = Release|Any CPU
		{C5DFEE33-3524-46A9-80B3-1C5946A22D0A}.Debug|Any CPU.ActiveCfg = Debug|Any CPU
		{C5DFEE33-3524-46A9-80B3-1C5946A22D0A}.Debug|Any CPU.Build.0 = Debug|Any CPU
		{C5DFEE33-3524-46A9-80B3-1C5946A22D0A}.Release|Any CPU.ActiveCfg = Release|Any CPU
		{C5DFEE33-3524-46A9-80B3-1C5946A22D0A}.Release|Any CPU.Build.0 = Release|Any CPU
		{BEF1DA27-FD6C-4E0B-ACF2-C5391323F9DD}.Debug|Any CPU.ActiveCfg = Debug|Any CPU
		{BEF1DA27-FD6C-4E0B-ACF2-C5391323F9DD}.Debug|Any CPU.Build.0 = Debug|Any CPU
		{BEF1DA27-FD6C-4E0B-ACF2-C5391323F9DD}.Release|Any CPU.ActiveCfg = Release|Any CPU
		{BEF1DA27-FD6C-4E0B-ACF2-C5391323F9DD}.Release|Any CPU.Build.0 = Release|Any CPU
		{C477F2CF-4C70-49A5-836A-72BD4EC6B8B9}.Debug|Any CPU.ActiveCfg = Debug|Any CPU
		{C477F2CF-4C70-49A5-836A-72BD4EC6B8B9}.Debug|Any CPU.Build.0 = Debug|Any CPU
		{C477F2CF-4C70-49A5-836A-72BD4EC6B8B9}.Release|Any CPU.ActiveCfg = Release|Any CPU
		{C477F2CF-4C70-49A5-836A-72BD4EC6B8B9}.Release|Any CPU.Build.0 = Release|Any CPU
		{769F051B-F1D3-455C-8C29-C968F950A2F6}.Debug|Any CPU.ActiveCfg = Debug|Any CPU
		{769F051B-F1D3-455C-8C29-C968F950A2F6}.Debug|Any CPU.Build.0 = Debug|Any CPU
		{769F051B-F1D3-455C-8C29-C968F950A2F6}.Release|Any CPU.ActiveCfg = Release|Any CPU
		{769F051B-F1D3-455C-8C29-C968F950A2F6}.Release|Any CPU.Build.0 = Release|Any CPU
		{E6324070-6397-4B84-B1B4-639E894D86B3}.Debug|Any CPU.ActiveCfg = Debug|Any CPU
		{E6324070-6397-4B84-B1B4-639E894D86B3}.Debug|Any CPU.Build.0 = Debug|Any CPU
		{E6324070-6397-4B84-B1B4-639E894D86B3}.Release|Any CPU.ActiveCfg = Release|Any CPU
		{E6324070-6397-4B84-B1B4-639E894D86B3}.Release|Any CPU.Build.0 = Release|Any CPU
		{44A287E9-65CD-40D0-BC4E-42D4FB40B27B}.Debug|Any CPU.ActiveCfg = Debug|Any CPU
		{44A287E9-65CD-40D0-BC4E-42D4FB40B27B}.Debug|Any CPU.Build.0 = Debug|Any CPU
		{44A287E9-65CD-40D0-BC4E-42D4FB40B27B}.Release|Any CPU.ActiveCfg = Release|Any CPU
		{44A287E9-65CD-40D0-BC4E-42D4FB40B27B}.Release|Any CPU.Build.0 = Release|Any CPU
		{DB3C00A4-DDB1-4842-ACDF-41821B8B6E75}.Debug|Any CPU.ActiveCfg = Debug|Any CPU
		{DB3C00A4-DDB1-4842-ACDF-41821B8B6E75}.Debug|Any CPU.Build.0 = Debug|Any CPU
		{DB3C00A4-DDB1-4842-ACDF-41821B8B6E75}.Release|Any CPU.ActiveCfg = Release|Any CPU
		{DB3C00A4-DDB1-4842-ACDF-41821B8B6E75}.Release|Any CPU.Build.0 = Release|Any CPU
		{2655F236-E379-4F66-B5C1-BFDEC57872B3}.Debug|Any CPU.ActiveCfg = Debug|Any CPU
		{2655F236-E379-4F66-B5C1-BFDEC57872B3}.Debug|Any CPU.Build.0 = Debug|Any CPU
		{2655F236-E379-4F66-B5C1-BFDEC57872B3}.Release|Any CPU.ActiveCfg = Release|Any CPU
		{2655F236-E379-4F66-B5C1-BFDEC57872B3}.Release|Any CPU.Build.0 = Release|Any CPU
		{4A96B792-C1A6-4473-913E-2F972ABAD07B}.Debug|Any CPU.ActiveCfg = Debug|Any CPU
		{4A96B792-C1A6-4473-913E-2F972ABAD07B}.Debug|Any CPU.Build.0 = Debug|Any CPU
		{4A96B792-C1A6-4473-913E-2F972ABAD07B}.Release|Any CPU.ActiveCfg = Release|Any CPU
		{4A96B792-C1A6-4473-913E-2F972ABAD07B}.Release|Any CPU.Build.0 = Release|Any CPU
		{1A0F4C3F-1DC2-4186-A533-F520319D3FC2}.Debug|Any CPU.ActiveCfg = Debug|Any CPU
		{1A0F4C3F-1DC2-4186-A533-F520319D3FC2}.Debug|Any CPU.Build.0 = Debug|Any CPU
		{1A0F4C3F-1DC2-4186-A533-F520319D3FC2}.Release|Any CPU.ActiveCfg = Release|Any CPU
		{1A0F4C3F-1DC2-4186-A533-F520319D3FC2}.Release|Any CPU.Build.0 = Release|Any CPU
		{C042C757-6513-4318-A721-ECA396216D00}.Debug|Any CPU.ActiveCfg = Debug|Any CPU
		{C042C757-6513-4318-A721-ECA396216D00}.Debug|Any CPU.Build.0 = Debug|Any CPU
		{C042C757-6513-4318-A721-ECA396216D00}.Release|Any CPU.ActiveCfg = Release|Any CPU
		{C042C757-6513-4318-A721-ECA396216D00}.Release|Any CPU.Build.0 = Release|Any CPU
		{ADFDB67E-E495-424E-9C37-CD151979C07E}.Debug|Any CPU.ActiveCfg = Debug|Any CPU
		{ADFDB67E-E495-424E-9C37-CD151979C07E}.Debug|Any CPU.Build.0 = Debug|Any CPU
		{ADFDB67E-E495-424E-9C37-CD151979C07E}.Release|Any CPU.ActiveCfg = Release|Any CPU
		{ADFDB67E-E495-424E-9C37-CD151979C07E}.Release|Any CPU.Build.0 = Release|Any CPU
		{9D3C148A-46B3-474B-9065-D5B221D91867}.Debug|Any CPU.ActiveCfg = Debug|Any CPU
		{9D3C148A-46B3-474B-9065-D5B221D91867}.Debug|Any CPU.Build.0 = Debug|Any CPU
		{9D3C148A-46B3-474B-9065-D5B221D91867}.Release|Any CPU.ActiveCfg = Release|Any CPU
		{9D3C148A-46B3-474B-9065-D5B221D91867}.Release|Any CPU.Build.0 = Release|Any CPU
		{54681E89-C945-46E0-BD77-8CB9FD64B7FC}.Debug|Any CPU.ActiveCfg = Debug|Any CPU
		{54681E89-C945-46E0-BD77-8CB9FD64B7FC}.Debug|Any CPU.Build.0 = Debug|Any CPU
		{54681E89-C945-46E0-BD77-8CB9FD64B7FC}.Release|Any CPU.ActiveCfg = Release|Any CPU
		{54681E89-C945-46E0-BD77-8CB9FD64B7FC}.Release|Any CPU.Build.0 = Release|Any CPU
		{4D1E92E9-9DE3-4919-A511-15D7DFC23387}.Debug|Any CPU.ActiveCfg = Debug|Any CPU
		{4D1E92E9-9DE3-4919-A511-15D7DFC23387}.Debug|Any CPU.Build.0 = Debug|Any CPU
		{4D1E92E9-9DE3-4919-A511-15D7DFC23387}.Release|Any CPU.ActiveCfg = Release|Any CPU
		{4D1E92E9-9DE3-4919-A511-15D7DFC23387}.Release|Any CPU.Build.0 = Release|Any CPU
		{A2AA588E-9C9E-461A-ADBD-F3FFA454932F}.Debug|Any CPU.ActiveCfg = Debug|Any CPU
		{A2AA588E-9C9E-461A-ADBD-F3FFA454932F}.Debug|Any CPU.Build.0 = Debug|Any CPU
		{A2AA588E-9C9E-461A-ADBD-F3FFA454932F}.Release|Any CPU.ActiveCfg = Release|Any CPU
		{A2AA588E-9C9E-461A-ADBD-F3FFA454932F}.Release|Any CPU.Build.0 = Release|Any CPU
		{AA801019-040F-4814-8177-9BE362378FF0}.Debug|Any CPU.ActiveCfg = Debug|Any CPU
		{AA801019-040F-4814-8177-9BE362378FF0}.Debug|Any CPU.Build.0 = Debug|Any CPU
		{AA801019-040F-4814-8177-9BE362378FF0}.Release|Any CPU.ActiveCfg = Release|Any CPU
		{AA801019-040F-4814-8177-9BE362378FF0}.Release|Any CPU.Build.0 = Release|Any CPU
		{C370F3B5-BA3F-4412-BF05-36B52B812E2C}.Debug|Any CPU.ActiveCfg = Debug|Any CPU
		{C370F3B5-BA3F-4412-BF05-36B52B812E2C}.Debug|Any CPU.Build.0 = Debug|Any CPU
		{C370F3B5-BA3F-4412-BF05-36B52B812E2C}.Release|Any CPU.ActiveCfg = Release|Any CPU
		{C370F3B5-BA3F-4412-BF05-36B52B812E2C}.Release|Any CPU.Build.0 = Release|Any CPU
		{A9E31228-4F8D-49A9-BC1D-E567163355E7}.Debug|Any CPU.ActiveCfg = Debug|Any CPU
		{A9E31228-4F8D-49A9-BC1D-E567163355E7}.Debug|Any CPU.Build.0 = Debug|Any CPU
		{A9E31228-4F8D-49A9-BC1D-E567163355E7}.Release|Any CPU.ActiveCfg = Release|Any CPU
		{A9E31228-4F8D-49A9-BC1D-E567163355E7}.Release|Any CPU.Build.0 = Release|Any CPU
		{00BC0806-8ED3-4AE1-A6AC-1681F7C6E315}.Debug|Any CPU.ActiveCfg = Debug|Any CPU
		{00BC0806-8ED3-4AE1-A6AC-1681F7C6E315}.Debug|Any CPU.Build.0 = Debug|Any CPU
		{00BC0806-8ED3-4AE1-A6AC-1681F7C6E315}.Release|Any CPU.ActiveCfg = Release|Any CPU
		{00BC0806-8ED3-4AE1-A6AC-1681F7C6E315}.Release|Any CPU.Build.0 = Release|Any CPU
		{0BF02759-8B93-42BB-920E-B487CAD2FE09}.Debug|Any CPU.ActiveCfg = Debug|Any CPU
		{0BF02759-8B93-42BB-920E-B487CAD2FE09}.Debug|Any CPU.Build.0 = Debug|Any CPU
		{0BF02759-8B93-42BB-920E-B487CAD2FE09}.Release|Any CPU.ActiveCfg = Release|Any CPU
		{0BF02759-8B93-42BB-920E-B487CAD2FE09}.Release|Any CPU.Build.0 = Release|Any CPU
	EndGlobalSection
	GlobalSection(SolutionProperties) = preSolution
		HideSolutionNode = FALSE
	EndGlobalSection
	GlobalSection(ExtensibilityGlobals) = postSolution
		SolutionGuid = {9131DF61-C354-4B02-A035-53EE76938D28}
	EndGlobalSection
EndGlobal
